
Microsoft Visual Studio Solution File, Format Version 12.00
# Visual Studio 15
VisualStudioVersion = 15.0.34829.251
MinimumVisualStudioVersion = 10.0.40219.1
Project("{FAE04EC0-301F-11D3-BF4B-00C04F79EFBC}") = "Teaching_DLL", "Teaching_DLL.csproj", "{6F87CF70-39B9-40CC-A658-0C35E0832705}"
EndProject
Global
	GlobalSection(SolutionConfigurationPlatforms) = preSolution
		Debug|Any CPU = Debug|Any CPU
		Release|Any CPU = Release|Any CPU
	EndGlobalSection
	GlobalSection(ProjectConfigurationPlatforms) = postSolution
		{6F87CF70-39B9-40CC-A658-0C35E0832705}.Debug|Any CPU.ActiveCfg = Debug|Any CPU
		{6F87CF70-39B9-40CC-A658-0C35E0832705}.Debug|Any CPU.Build.0 = Debug|Any CPU
		{6F87CF70-39B9-40CC-A658-0C35E0832705}.Release|Any CPU.ActiveCfg = Release|Any CPU
		{6F87CF70-39B9-40CC-A658-0C35E0832705}.Release|Any CPU.Build.0 = Release|Any CPU
	EndGlobalSection
	GlobalSection(SolutionProperties) = preSolution
		HideSolutionNode = FALSE
	EndGlobalSection
	GlobalSection(ExtensibilityGlobals) = postSolution
		SolutionGuid = {9F77B032-5123-42B0-88DF-34FC550890C9}
	EndGlobalSection
EndGlobal
